
Microsoft Visual Studio Solution File, Format Version 12.00
# Visual Studio Version 17
VisualStudioVersion = 17.6.33829.357
MinimumVisualStudioVersion = 10.0.40219.1
Project("{FAE04EC0-301F-11D3-BF4B-00C04F79EFBC}") = "RegistrationPageAsp", "RegistrationPageAsp\RegistrationPageAsp.csproj", "{DDB4B2C3-C526-4C7E-B3F4-499C2CBE98B1}"
EndProject
Project("{FAE04EC0-301F-11D3-BF4B-00C04F79EFBC}") = "BusinessLogic", "BusinessLogic\BusinessLogic.csproj", "{66FAF8ED-7046-4C5C-B563-749063590E87}"
EndProject
Project("{FAE04EC0-301F-11D3-BF4B-00C04F79EFBC}") = "utils", "utils\utils.csproj", "{3BFF8173-C159-43BD-BD35-6682BDBD87EF}"
EndProject
Project("{FAE04EC0-301F-11D3-BF4B-00C04F79EFBC}") = "Model", "Model\Model.csproj", "{38B76413-177C-4AB6-96D7-2154EB47770D}"
EndProject
Project("{FAE04EC0-301F-11D3-BF4B-00C04F79EFBC}") = "WebApp", "WebApp\WebApp.csproj", "{DF4F6742-5CA5-4A9C-AA23-6462E1166D21}"
EndProject
Global
	GlobalSection(SolutionConfigurationPlatforms) = preSolution
		Debug|Any CPU = Debug|Any CPU
		Release|Any CPU = Release|Any CPU
	EndGlobalSection
	GlobalSection(ProjectConfigurationPlatforms) = postSolution
		{DDB4B2C3-C526-4C7E-B3F4-499C2CBE98B1}.Debug|Any CPU.ActiveCfg = Debug|Any CPU
		{DDB4B2C3-C526-4C7E-B3F4-499C2CBE98B1}.Debug|Any CPU.Build.0 = Debug|Any CPU
		{DDB4B2C3-C526-4C7E-B3F4-499C2CBE98B1}.Release|Any CPU.ActiveCfg = Release|Any CPU
		{DDB4B2C3-C526-4C7E-B3F4-499C2CBE98B1}.Release|Any CPU.Build.0 = Release|Any CPU
		{66FAF8ED-7046-4C5C-B563-749063590E87}.Debug|Any CPU.ActiveCfg = Debug|Any CPU
		{66FAF8ED-7046-4C5C-B563-749063590E87}.Debug|Any CPU.Build.0 = Debug|Any CPU
		{66FAF8ED-7046-4C5C-B563-749063590E87}.Release|Any CPU.ActiveCfg = Release|Any CPU
		{66FAF8ED-7046-4C5C-B563-749063590E87}.Release|Any CPU.Build.0 = Release|Any CPU
		{3BFF8173-C159-43BD-BD35-6682BDBD87EF}.Debug|Any CPU.ActiveCfg = Debug|Any CPU
		{3BFF8173-C159-43BD-BD35-6682BDBD87EF}.Debug|Any CPU.Build.0 = Debug|Any CPU
		{3BFF8173-C159-43BD-BD35-6682BDBD87EF}.Release|Any CPU.ActiveCfg = Release|Any CPU
		{3BFF8173-C159-43BD-BD35-6682BDBD87EF}.Release|Any CPU.Build.0 = Release|Any CPU
		{38B76413-177C-4AB6-96D7-2154EB47770D}.Debug|Any CPU.ActiveCfg = Debug|Any CPU
		{38B76413-177C-4AB6-96D7-2154EB47770D}.Debug|Any CPU.Build.0 = Debug|Any CPU
		{38B76413-177C-4AB6-96D7-2154EB47770D}.Release|Any CPU.ActiveCfg = Release|Any CPU
		{38B76413-177C-4AB6-96D7-2154EB47770D}.Release|Any CPU.Build.0 = Release|Any CPU
		{DF4F6742-5CA5-4A9C-AA23-6462E1166D21}.Debug|Any CPU.ActiveCfg = Debug|Any CPU
		{DF4F6742-5CA5-4A9C-AA23-6462E1166D21}.Debug|Any CPU.Build.0 = Debug|Any CPU
		{DF4F6742-5CA5-4A9C-AA23-6462E1166D21}.Release|Any CPU.ActiveCfg = Release|Any CPU
		{DF4F6742-5CA5-4A9C-AA23-6462E1166D21}.Release|Any CPU.Build.0 = Release|Any CPU
	EndGlobalSection
	GlobalSection(SolutionProperties) = preSolution
		HideSolutionNode = FALSE
	EndGlobalSection
	GlobalSection(ExtensibilityGlobals) = postSolution
		SolutionGuid = {46BE413E-FA8C-41E6-83A5-7D9AA59936A8}
	EndGlobalSection
EndGlobal
