
Microsoft Visual Studio Solution File, Format Version 12.00
# Visual Studio Version 17
VisualStudioVersion = 17.6.33829.357
MinimumVisualStudioVersion = 10.0.40219.1
Project("{FAE04EC0-301F-11D3-BF4B-00C04F79EFBC}") = "WebApplication1", "WebApplication1\WebApplication1.csproj", "{A56C4F11-F562-4DF1-ABCD-9A67D41FB8B8}"
EndProject
Global
	GlobalSection(SolutionConfigurationPlatforms) = preSolution
		Debug|Any CPU = Debug|Any CPU
		Release|Any CPU = Release|Any CPU
	EndGlobalSection
	GlobalSection(ProjectConfigurationPlatforms) = postSolution
		{A56C4F11-F562-4DF1-ABCD-9A67D41FB8B8}.Debug|Any CPU.ActiveCfg = Debug|Any CPU
		{A56C4F11-F562-4DF1-ABCD-9A67D41FB8B8}.Debug|Any CPU.Build.0 = Debug|Any CPU
		{A56C4F11-F562-4DF1-ABCD-9A67D41FB8B8}.Release|Any CPU.ActiveCfg = Release|Any CPU
		{A56C4F11-F562-4DF1-ABCD-9A67D41FB8B8}.Release|Any CPU.Build.0 = Release|Any CPU
	EndGlobalSection
	GlobalSection(SolutionProperties) = preSolution
		HideSolutionNode = FALSE
	EndGlobalSection
	GlobalSection(ExtensibilityGlobals) = postSolution
		SolutionGuid = {1A78548E-B485-4248-A8F3-4D1F7F1FD455}
	EndGlobalSection
EndGlobal
