
Microsoft Visual Studio Solution File, Format Version 12.00
# Visual Studio Version 17
VisualStudioVersion = 17.6.33829.357
MinimumVisualStudioVersion = 10.0.40219.1
Project("{FAE04EC0-301F-11D3-BF4B-00C04F79EFBC}") = "FuelManagementSystem.web", "FuelManagementSystem\FuelManagementSystem.web.csproj", "{D7F51BC8-09F4-4235-B8AA-CD38D6750B5A}"
EndProject
Project("{FAE04EC0-301F-11D3-BF4B-00C04F79EFBC}") = "FuelManagementSystem.business", "FuelManagementSystem.business\FuelManagementSystem.business.csproj", "{D1D15D1A-4ACA-4B79-B4DB-884D61BC26B5}"
EndProject
Project("{FAE04EC0-301F-11D3-BF4B-00C04F79EFBC}") = "FuelManagementsystem.DataAccess", "FuelManagementsystem.DataAccess\FuelManagementsystem.DataAccess.csproj", "{8A5C63EF-3808-4709-82F7-DF9E61D01DDD}"
EndProject
Project("{FAE04EC0-301F-11D3-BF4B-00C04F79EFBC}") = "FuelManagementSystem.utils", "FuelManagementSystem.utils\FuelManagementSystem.utils.csproj", "{3F950B57-D841-4F60-AFED-EB5BFDF546A7}"
EndProject
Global
	GlobalSection(SolutionConfigurationPlatforms) = preSolution
		Debug|Any CPU = Debug|Any CPU
		Release|Any CPU = Release|Any CPU
	EndGlobalSection
	GlobalSection(ProjectConfigurationPlatforms) = postSolution
		{D7F51BC8-09F4-4235-B8AA-CD38D6750B5A}.Debug|Any CPU.ActiveCfg = Debug|Any CPU
		{D7F51BC8-09F4-4235-B8AA-CD38D6750B5A}.Debug|Any CPU.Build.0 = Debug|Any CPU
		{D7F51BC8-09F4-4235-B8AA-CD38D6750B5A}.Release|Any CPU.ActiveCfg = Release|Any CPU
		{D7F51BC8-09F4-4235-B8AA-CD38D6750B5A}.Release|Any CPU.Build.0 = Release|Any CPU
		{D1D15D1A-4ACA-4B79-B4DB-884D61BC26B5}.Debug|Any CPU.ActiveCfg = Debug|Any CPU
		{D1D15D1A-4ACA-4B79-B4DB-884D61BC26B5}.Debug|Any CPU.Build.0 = Debug|Any CPU
		{D1D15D1A-4ACA-4B79-B4DB-884D61BC26B5}.Release|Any CPU.ActiveCfg = Release|Any CPU
		{D1D15D1A-4ACA-4B79-B4DB-884D61BC26B5}.Release|Any CPU.Build.0 = Release|Any CPU
		{8A5C63EF-3808-4709-82F7-DF9E61D01DDD}.Debug|Any CPU.ActiveCfg = Debug|Any CPU
		{8A5C63EF-3808-4709-82F7-DF9E61D01DDD}.Debug|Any CPU.Build.0 = Debug|Any CPU
		{8A5C63EF-3808-4709-82F7-DF9E61D01DDD}.Release|Any CPU.ActiveCfg = Release|Any CPU
		{8A5C63EF-3808-4709-82F7-DF9E61D01DDD}.Release|Any CPU.Build.0 = Release|Any CPU
		{3F950B57-D841-4F60-AFED-EB5BFDF546A7}.Debug|Any CPU.ActiveCfg = Debug|Any CPU
		{3F950B57-D841-4F60-AFED-EB5BFDF546A7}.Debug|Any CPU.Build.0 = Debug|Any CPU
		{3F950B57-D841-4F60-AFED-EB5BFDF546A7}.Release|Any CPU.ActiveCfg = Release|Any CPU
		{3F950B57-D841-4F60-AFED-EB5BFDF546A7}.Release|Any CPU.Build.0 = Release|Any CPU
	EndGlobalSection
	GlobalSection(SolutionProperties) = preSolution
		HideSolutionNode = FALSE
	EndGlobalSection
	GlobalSection(ExtensibilityGlobals) = postSolution
		SolutionGuid = {4AC58679-CDD1-4393-A938-8CCD6A5F31B1}
	EndGlobalSection
EndGlobal
